
Microsoft Visual Studio Solution File, Format Version 12.00
# Visual Studio Version 17
VisualStudioVersion = 17.7.34031.279
MinimumVisualStudioVersion = 10.0.40219.1
Project("{9A19103F-16F7-4668-BE54-9A1E7A4F7556}") = "OOP.CRUD", "OOP.CRUD.csproj", "{00BB8EA0-1581-4647-8AF0-8F2222FB6C92}"
EndProject
Project("{FAE04EC0-301F-11D3-BF4B-00C04F79EFBC}") = "OOP.CRUD.DAL", "..\OOP.CRUD.DAL\OOP.CRUD.DAL.csproj", "{742452C9-BB5D-4546-80FC-27B7FE7CD1EB}"
EndProject
Project("{FAE04EC0-301F-11D3-BF4B-00C04F79EFBC}") = "OOP.CRUD.Entity", "..\OOP.CRUD.Entity\OOP.CRUD.Entity.csproj", "{99C8FCE8-A3C1-487A-A22E-0A73BCF4CA06}"
EndProject
Global
	GlobalSection(SolutionConfigurationPlatforms) = preSolution
		Debug|Any CPU = Debug|Any CPU
		Release|Any CPU = Release|Any CPU
	EndGlobalSection
	GlobalSection(ProjectConfigurationPlatforms) = postSolution
		{00BB8EA0-1581-4647-8AF0-8F2222FB6C92}.Debug|Any CPU.ActiveCfg = Debug|Any CPU
		{00BB8EA0-1581-4647-8AF0-8F2222FB6C92}.Debug|Any CPU.Build.0 = Debug|Any CPU
		{00BB8EA0-1581-4647-8AF0-8F2222FB6C92}.Release|Any CPU.ActiveCfg = Release|Any CPU
		{00BB8EA0-1581-4647-8AF0-8F2222FB6C92}.Release|Any CPU.Build.0 = Release|Any CPU
		{742452C9-BB5D-4546-80FC-27B7FE7CD1EB}.Debug|Any CPU.ActiveCfg = Debug|Any CPU
		{742452C9-BB5D-4546-80FC-27B7FE7CD1EB}.Debug|Any CPU.Build.0 = Debug|Any CPU
		{742452C9-BB5D-4546-80FC-27B7FE7CD1EB}.Release|Any CPU.ActiveCfg = Release|Any CPU
		{742452C9-BB5D-4546-80FC-27B7FE7CD1EB}.Release|Any CPU.Build.0 = Release|Any CPU
		{99C8FCE8-A3C1-487A-A22E-0A73BCF4CA06}.Debug|Any CPU.ActiveCfg = Debug|Any CPU
		{99C8FCE8-A3C1-487A-A22E-0A73BCF4CA06}.Debug|Any CPU.Build.0 = Debug|Any CPU
		{99C8FCE8-A3C1-487A-A22E-0A73BCF4CA06}.Release|Any CPU.ActiveCfg = Release|Any CPU
		{99C8FCE8-A3C1-487A-A22E-0A73BCF4CA06}.Release|Any CPU.Build.0 = Release|Any CPU
	EndGlobalSection
	GlobalSection(SolutionProperties) = preSolution
		HideSolutionNode = FALSE
	EndGlobalSection
	GlobalSection(ExtensibilityGlobals) = postSolution
		SolutionGuid = {798FB29E-7B14-4279-BCB2-6DB07F5A3DC8}
	EndGlobalSection
EndGlobal
